
Microsoft Visual Studio Solution File, Format Version 12.00
# Visual Studio Version 17
VisualStudioVersion = 17.1.32228.430
MinimumVisualStudioVersion = 10.0.40219.1
Project("{9A19103F-16F7-4668-BE54-9A1E7A4F7556}") = "ATM", "ATM\ATM.csproj", "{CBCE7E64-585E-45EA-BA24-078E17A21933}"
EndProject
Project("{9A19103F-16F7-4668-BE54-9A1E7A4F7556}") = "MultiplicationTables", "MultiplicationTables\MultiplicationTables.csproj", "{9757380B-DBEB-4EF8-A479-257EABB4B1D2}"
EndProject
Project("{9A19103F-16F7-4668-BE54-9A1E7A4F7556}") = "UserHeight", "UserHeight\UserHeight.csproj", "{86556227-B02A-48BB-AE44-EDD129409480}"
EndProject
Project("{9A19103F-16F7-4668-BE54-9A1E7A4F7556}") = "LeapYear", "LeapYear\LeapYear.csproj", "{5E8DEFD5-B85C-4BF3-81B0-0E93D8F1855C}"
EndProject
Project("{9A19103F-16F7-4668-BE54-9A1E7A4F7556}") = "EvenOrOdd", "EvenOrOdd\EvenOrOdd.csproj", "{4748D21B-E3FD-4CCE-9709-5A9F7837C168}"
EndProject
Project("{FAE04EC0-301F-11D3-BF4B-00C04F79EFBC}") = "AverageGrades", "AverageGrades\AverageGrades.csproj", "{C3C72539-B82B-47E6-AC88-E35E86AB2C0F}"
EndProject
Project("{FAE04EC0-301F-11D3-BF4B-00C04F79EFBC}") = "VarTemporals", "VarTemporals\VarTemporals.csproj", "{C2A621DA-4E97-487D-B7D1-1436CFD2BB4A}"
EndProject
Global
	GlobalSection(SolutionConfigurationPlatforms) = preSolution
		Debug|Any CPU = Debug|Any CPU
		Release|Any CPU = Release|Any CPU
	EndGlobalSection
	GlobalSection(ProjectConfigurationPlatforms) = postSolution
		{CBCE7E64-585E-45EA-BA24-078E17A21933}.Debug|Any CPU.ActiveCfg = Debug|Any CPU
		{CBCE7E64-585E-45EA-BA24-078E17A21933}.Debug|Any CPU.Build.0 = Debug|Any CPU
		{CBCE7E64-585E-45EA-BA24-078E17A21933}.Release|Any CPU.ActiveCfg = Release|Any CPU
		{CBCE7E64-585E-45EA-BA24-078E17A21933}.Release|Any CPU.Build.0 = Release|Any CPU
		{9757380B-DBEB-4EF8-A479-257EABB4B1D2}.Debug|Any CPU.ActiveCfg = Debug|Any CPU
		{9757380B-DBEB-4EF8-A479-257EABB4B1D2}.Debug|Any CPU.Build.0 = Debug|Any CPU
		{9757380B-DBEB-4EF8-A479-257EABB4B1D2}.Release|Any CPU.ActiveCfg = Release|Any CPU
		{9757380B-DBEB-4EF8-A479-257EABB4B1D2}.Release|Any CPU.Build.0 = Release|Any CPU
		{86556227-B02A-48BB-AE44-EDD129409480}.Debug|Any CPU.ActiveCfg = Debug|Any CPU
		{86556227-B02A-48BB-AE44-EDD129409480}.Debug|Any CPU.Build.0 = Debug|Any CPU
		{86556227-B02A-48BB-AE44-EDD129409480}.Release|Any CPU.ActiveCfg = Release|Any CPU
		{86556227-B02A-48BB-AE44-EDD129409480}.Release|Any CPU.Build.0 = Release|Any CPU
		{5E8DEFD5-B85C-4BF3-81B0-0E93D8F1855C}.Debug|Any CPU.ActiveCfg = Debug|Any CPU
		{5E8DEFD5-B85C-4BF3-81B0-0E93D8F1855C}.Debug|Any CPU.Build.0 = Debug|Any CPU
		{5E8DEFD5-B85C-4BF3-81B0-0E93D8F1855C}.Release|Any CPU.ActiveCfg = Release|Any CPU
		{5E8DEFD5-B85C-4BF3-81B0-0E93D8F1855C}.Release|Any CPU.Build.0 = Release|Any CPU
		{4748D21B-E3FD-4CCE-9709-5A9F7837C168}.Debug|Any CPU.ActiveCfg = Debug|Any CPU
		{4748D21B-E3FD-4CCE-9709-5A9F7837C168}.Debug|Any CPU.Build.0 = Debug|Any CPU
		{4748D21B-E3FD-4CCE-9709-5A9F7837C168}.Release|Any CPU.ActiveCfg = Release|Any CPU
		{4748D21B-E3FD-4CCE-9709-5A9F7837C168}.Release|Any CPU.Build.0 = Release|Any CPU
		{C3C72539-B82B-47E6-AC88-E35E86AB2C0F}.Debug|Any CPU.ActiveCfg = Debug|Any CPU
		{C3C72539-B82B-47E6-AC88-E35E86AB2C0F}.Debug|Any CPU.Build.0 = Debug|Any CPU
		{C3C72539-B82B-47E6-AC88-E35E86AB2C0F}.Release|Any CPU.ActiveCfg = Release|Any CPU
		{C3C72539-B82B-47E6-AC88-E35E86AB2C0F}.Release|Any CPU.Build.0 = Release|Any CPU
		{C2A621DA-4E97-487D-B7D1-1436CFD2BB4A}.Debug|Any CPU.ActiveCfg = Debug|Any CPU
		{C2A621DA-4E97-487D-B7D1-1436CFD2BB4A}.Debug|Any CPU.Build.0 = Debug|Any CPU
		{C2A621DA-4E97-487D-B7D1-1436CFD2BB4A}.Release|Any CPU.ActiveCfg = Release|Any CPU
		{C2A621DA-4E97-487D-B7D1-1436CFD2BB4A}.Release|Any CPU.Build.0 = Release|Any CPU
	EndGlobalSection
	GlobalSection(SolutionProperties) = preSolution
		HideSolutionNode = FALSE
	EndGlobalSection
	GlobalSection(ExtensibilityGlobals) = postSolution
		SolutionGuid = {EA83C118-2CE8-4D81-833E-213BEC8C1955}
	EndGlobalSection
EndGlobal
